{
  "lockfile_version": "1",
  "packages": {
    "nodejs@latest": {
      "last_modified": "2023-12-25T10:13:25Z",
      "resolved": "github:NixOS/nixpkgs/e1fa12d4f6c6fe19ccb59cac54b5b3f25e160870#nodejs_21",
      "source": "devbox-search",
      "version": "21.5.0",
      "systems": {
        "aarch64-darwin": {
          "store_path": "/nix/store/v8vw6h0agr1687qp1azgffg4h172w2ap-nodejs-21.5.0"
        },
        "aarch64-linux": {
          "store_path": "/nix/store/wrgj8cbi8j99k1v9g2kddil5dwnjcjzp-nodejs-21.5.0"
        },
        "x86_64-darwin": {
          "store_path": "/nix/store/cc7bhvkx351rsfx7wja5wxnqxis4mj9g-nodejs-21.5.0"
        },
        "x86_64-linux": {
          "store_path": "/nix/store/jra6nl09vh0grv4s7m3q778havhs1l6i-nodejs-21.5.0"
        }
      }
    },
    "poetry@latest": {
      "last_modified": "2023-12-13T22:54:10Z",
      "plugin_version": "0.0.4",
      "resolved": "github:NixOS/nixpkgs/fd04bea4cbf76f86f244b9e2549fca066db8ddff#poetry",
      "source": "devbox-search",
      "version": "1.7.1",
      "systems": {
        "aarch64-darwin": {
          "store_path": "/nix/store/xdp0dyglkkfrny00ij665wg1jgywy0lj-python3.11-poetry-1.7.1"
        },
        "aarch64-linux": {
          "store_path": "/nix/store/0bwwm54qxchxnrn34h6qflx9cvgpmcwc-python3.11-poetry-1.7.1"
        },
        "x86_64-darwin": {
          "store_path": "/nix/store/vwlkmaxd6cx8w3a7b4lb0iljqwdxbv74-python3.11-poetry-1.7.1"
        },
        "x86_64-linux": {
          "store_path": "/nix/store/22if7pp1p4l03lgxi3ix5nam7dg4isjm-python3.11-poetry-1.7.1"
        }
      }
    },
    "python311Packages.flask@latest": {
      "last_modified": "2023-12-13T22:54:10Z",
      "resolved": "github:NixOS/nixpkgs/fd04bea4cbf76f86f244b9e2549fca066db8ddff#python311Packages.flask",
      "source": "devbox-search",
      "version": "2.3.3",
      "systems": {
        "aarch64-darwin": {
          "store_path": "/nix/store/b00lhzbvskmlxfkcv3p0f2w6ff0ac03r-python3.11-flask-2.3.3"
        },
        "aarch64-linux": {
          "store_path": "/nix/store/vcv0y9p1cbhadqpvyhwnxn401mxmskix-python3.11-flask-2.3.3"
        },
        "x86_64-darwin": {
          "store_path": "/nix/store/lgm5z3sydgd2zlwwx4jrxm2r3bgij92y-python3.11-flask-2.3.3"
        },
        "x86_64-linux": {
          "store_path": "/nix/store/4nzlrl2kg5rzbiqi77ppccak22p61i8a-python3.11-flask-2.3.3"
        }
      }
    }
  }
}
