version: 3
metadata:
  content_hash:
    linux-64: e90c2ee71ad70fc0a1c8302029533a7d1498f2bffcd0eaa8d2934700e775dc1d
  channels:
  - url: https://conda.anaconda.org/conda-forge/
    used_env_vars: []
  platforms:
  - linux-64
  sources: []
  time_metadata: null
  git_metadata: null
  inputs_metadata: null
  custom_metadata: null
package:
- platform: linux-64
  name: _libgcc_mutex
  version: '0.1'
  category: main
  manager: conda
  dependencies: []
  url: https://conda.anaconda.org/conda-forge/linux-64/_libgcc_mutex-0.1-conda_forge.tar.bz2
  hash:
    md5: d7c89558ba9fa0495403155b64376d81
    sha256: fe51de6107f9edc7aa4f786a70f4a883943bc9d39b3bb7307c04c41410990726
  build: conda_forge
  arch: x86_64
  subdir: linux-64
  build_number: 0
  license: None
  size: 2562
  timestamp: 1578324546067
- platform: linux-64
  name: _openmp_mutex
  version: '4.5'
  category: main
  manager: conda
  dependencies:
  - _libgcc_mutex 0.1 conda_forge
  - libgomp >=7.5.0
  url: https://conda.anaconda.org/conda-forge/linux-64/_openmp_mutex-4.5-2_gnu.tar.bz2
  hash:
    md5: 73aaf86a425cc6e73fcf236a5a46396d
    sha256: fbe2c5e56a653bebb982eda4876a9178aedfc2b545f25d0ce9c4c0b508253d22
  build: 2_gnu
  arch: x86_64
  subdir: linux-64
  build_number: 16
  constrains:
  - openmp_impl 9999
  license: BSD-3-Clause
  license_family: BSD
  size: 23621
  timestamp: 1650670423406
- platform: linux-64
  name: attrs
  version: 23.2.0
  category: main
  manager: conda
  dependencies:
  - python >=3.7
  url: https://conda.anaconda.org/conda-forge/noarch/attrs-23.2.0-pyh71513ae_0.conda
  hash:
    md5: 5e4c0743c70186509d1412e03c2d8dfa
    sha256: 77c7d03bdb243a048fff398cedc74327b7dc79169ebe3b4c8448b0331ea55fea
  build: pyh71513ae_0
  arch: x86_64
  subdir: linux-64
  build_number: 0
  license: MIT
  license_family: MIT
  noarch: python
  size: 54582
  timestamp: 1704011393776
- platform: linux-64
  name: bidict
  version: 0.22.1
  category: main
  manager: conda
  dependencies:
  - python >=3.6
  - setuptools
  url: https://conda.anaconda.org/conda-forge/noarch/bidict-0.22.1-pyhd8ed1ab_0.conda
  hash:
    md5: 2b69d5cbd3d301c9ceee2cfbf9fc87b7
    sha256: d33cf30055cd2fe9b7c4141bd99b45b088180a85c1bffb6cfae288c092042b50
  build: pyhd8ed1ab_0
  arch: x86_64
  subdir: linux-64
  build_number: 0
  license: MPL-2.0
  license_family: MOZILLA
  noarch: python
  size: 32624
  timestamp: 1672544532519
- platform: linux-64
  name: blinker
  version: 1.7.0
  category: main
  manager: conda
  dependencies:
  - python >=3.8
  url: https://conda.anaconda.org/conda-forge/noarch/blinker-1.7.0-pyhd8ed1ab_0.conda
  hash:
    md5: 550da20b2c2e38be9cc44bb819fda5d5
    sha256: c8d72c2af4f57898dfd5e4c62ae67f7fea1490a37c8b6855460a170d61591177
  build: pyhd8ed1ab_0
  arch: x86_64
  subdir: linux-64
  build_number: 0
  license: MIT
  license_family: MIT
  noarch: python
  size: 17886
  timestamp: 1698890303249
- platform: linux-64
  name: brotli-python
  version: 1.1.0
  category: main
  manager: conda
  dependencies:
  - libgcc-ng >=12
  - libstdcxx-ng >=12
  - python >=3.11,<3.12.0a0
  - python_abi 3.11.* *_cp311
  url: https://conda.anaconda.org/conda-forge/linux-64/brotli-python-1.1.0-py311hb755f60_1.conda
  hash:
    md5: cce9e7c3f1c307f2a5fb08a2922d6164
    sha256: 559093679e9fdb6061b7b80ca0f9a31fe6ffc213f1dae65bc5c82e2cd1a94107
  build: py311hb755f60_1
  arch: x86_64
  subdir: linux-64
  build_number: 1
  constrains:
  - libbrotlicommon 1.1.0 hd590300_1
  license: MIT
  license_family: MIT
  size: 351340
  timestamp: 1695990160360
- platform: linux-64
  name: bzip2
  version: 1.0.8
  category: main
  manager: conda
  dependencies:
  - libgcc-ng >=12
  url: https://conda.anaconda.org/conda-forge/linux-64/bzip2-1.0.8-hd590300_5.conda
  hash:
    md5: 69b8b6202a07720f448be700e300ccf4
    sha256: 242c0c324507ee172c0e0dd2045814e746bb303d1eb78870d182ceb0abc726a8
  build: hd590300_5
  arch: x86_64
  subdir: linux-64
  build_number: 5
  license: bzip2-1.0.6
  license_family: BSD
  size: 254228
  timestamp: 1699279927352
- platform: linux-64
  name: ca-certificates
  version: 2023.11.17
  category: main
  manager: conda
  dependencies: []
  url: https://conda.anaconda.org/conda-forge/linux-64/ca-certificates-2023.11.17-hbcca054_0.conda
  hash:
    md5: 01ffc8d36f9eba0ce0b3c1955fa780ee
    sha256: fb4b9f4b7d885002db0b93e22f44b5b03791ef3d4efdc9d0662185a0faafd6b6
  build: hbcca054_0
  arch: x86_64
  subdir: linux-64
  build_number: 0
  license: ISC
  size: 154117
  timestamp: 1700280881924
- platform: linux-64
  name: certifi
  version: 2023.11.17
  category: main
  manager: conda
  dependencies:
  - python >=3.7
  url: https://conda.anaconda.org/conda-forge/noarch/certifi-2023.11.17-pyhd8ed1ab_0.conda
  hash:
    md5: 2011bcf45376341dd1d690263fdbc789
    sha256: afa22b77128a812cb57bc707c297d926561bd225a3d9dd74205d87a3b2d14a96
  build: pyhd8ed1ab_0
  arch: x86_64
  subdir: linux-64
  build_number: 0
  license: ISC
  noarch: python
  size: 158939
  timestamp: 1700303562512
- platform: linux-64
  name: charset-normalizer
  version: 3.3.2
  category: main
  manager: conda
  dependencies:
  - python >=3.7
  url: https://conda.anaconda.org/conda-forge/noarch/charset-normalizer-3.3.2-pyhd8ed1ab_0.conda
  hash:
    md5: 7f4a9e3fcff3f6356ae99244a014da6a
    sha256: 20cae47d31fdd58d99c4d2e65fbdcefa0b0de0c84e455ba9d6356a4bdbc4b5b9
  build: pyhd8ed1ab_0
  arch: x86_64
  subdir: linux-64
  build_number: 0
  license: MIT
  license_family: MIT
  noarch: python
  size: 46597
  timestamp: 1698833765762
- platform: linux-64
  name: click
  version: 8.1.7
  category: main
  manager: conda
  dependencies:
  - __unix
  - python >=3.8
  url: https://conda.anaconda.org/conda-forge/noarch/click-8.1.7-unix_pyh707e725_0.conda
  hash:
    md5: f3ad426304898027fc619827ff428eca
    sha256: f0016cbab6ac4138a429e28dbcb904a90305b34b3fe41a9b89d697c90401caec
  build: unix_pyh707e725_0
  arch: x86_64
  subdir: linux-64
  build_number: 0
  license: BSD-3-Clause
  license_family: BSD
  noarch: python
  size: 84437
  timestamp: 1692311973840
- platform: linux-64
  name: colorama
  version: 0.4.6
  category: main
  manager: conda
  dependencies:
  - python >=3.7
  url: https://conda.anaconda.org/conda-forge/noarch/colorama-0.4.6-pyhd8ed1ab_0.tar.bz2
  hash:
    md5: 3faab06a954c2a04039983f2c4a50d99
    sha256: 2c1b2e9755ce3102bca8d69e8f26e4f087ece73f50418186aee7c74bef8e1698
  build: pyhd8ed1ab_0
  arch: x86_64
  subdir: linux-64
  build_number: 0
  license: BSD-3-Clause
  license_family: BSD
  noarch: python
  size: 25170
  timestamp: 1666700778190
- platform: linux-64
  name: flask
  version: 3.0.1
  category: main
  manager: conda
  dependencies:
  - blinker >=1.6.2
  - click >=8.1.3
  - importlib-metadata >=3.6.0
  - itsdangerous >=2.1.2
  - jinja2 >=3.1.2
  - python >=3.8
  - werkzeug >=3.0.0
  url: https://conda.anaconda.org/conda-forge/noarch/flask-3.0.1-pyhd8ed1ab_0.conda
  hash:
    md5: 49c5959bd6abaf3cdcb3668cebffd0d4
    sha256: faa22b909ee7d69514bda05ddb6fde39dae3c7a47e69d6ef9b6107c7c636ac1b
  build: pyhd8ed1ab_0
  arch: x86_64
  subdir: linux-64
  build_number: 0
  license: BSD-3-Clause
  license_family: BSD
  noarch: python
  size: 80768
  timestamp: 1705682552361
- platform: linux-64
  name: flask-socketio
  version: 5.3.6
  category: main
  manager: conda
  dependencies:
  - flask >=0.9
  - python >=3.6
  - python-socketio >=5.0.2
  url: https://conda.anaconda.org/conda-forge/noarch/flask-socketio-5.3.6-pyhd8ed1ab_0.conda
  hash:
    md5: ef521fc208ad82733c942d150199cf3e
    sha256: f641731d0fa6c26db6dcd3cf1c39a5c27d0e692604ac3927c68a74b2a60fa175
  build: pyhd8ed1ab_0
  arch: x86_64
  subdir: linux-64
  build_number: 0
  license: MIT
  license_family: MIT
  noarch: python
  size: 22316
  timestamp: 1693919260997
- platform: linux-64
  name: h11
  version: 0.14.0
  category: main
  manager: conda
  dependencies:
  - python >=3
  - typing_extensions
  url: https://conda.anaconda.org/conda-forge/noarch/h11-0.14.0-pyhd8ed1ab_0.tar.bz2
  hash:
    md5: b21ed0883505ba1910994f1df031a428
    sha256: 817d2c77d53afe3f3d9cf7f6eb8745cdd8ea76c7adaa9d7ced75c455a2c2c085
  build: pyhd8ed1ab_0
  arch: x86_64
  subdir: linux-64
  build_number: 0
  license: MIT
  license_family: MIT
  noarch: python
  size: 48251
  timestamp: 1664132995560
- platform: linux-64
  name: idna
  version: '3.6'
  category: main
  manager: conda
  dependencies:
  - python >=3.6
  url: https://conda.anaconda.org/conda-forge/noarch/idna-3.6-pyhd8ed1ab_0.conda
  hash:
    md5: 1a76f09108576397c41c0b0c5bd84134
    sha256: 6ee4c986d69ce61e60a20b2459b6f2027baeba153f0a64995fd3cb47c2cc7e07
  build: pyhd8ed1ab_0
  arch: x86_64
  subdir: linux-64
  build_number: 0
  license: BSD-3-Clause
  license_family: BSD
  noarch: python
  size: 50124
  timestamp: 1701027126206
- platform: linux-64
  name: importlib-metadata
  version: 7.0.1
  category: main
  manager: conda
  dependencies:
  - python >=3.8
  - zipp >=0.5
  url: https://conda.anaconda.org/conda-forge/noarch/importlib-metadata-7.0.1-pyha770c72_0.conda
  hash:
    md5: 746623a787e06191d80a2133e5daff17
    sha256: e72d05f171f4567004c9360a838e9d5df21e23dcfeb945066b53a6e5f754b861
  build: pyha770c72_0
  arch: x86_64
  subdir: linux-64
  build_number: 0
  license: Apache-2.0
  license_family: APACHE
  noarch: python
  size: 26450
  timestamp: 1703269427097
- platform: linux-64
  name: importlib_resources
  version: 6.1.1
  category: main
  manager: conda
  dependencies:
  - python >=3.8
  - zipp >=3.1.0
  url: https://conda.anaconda.org/conda-forge/noarch/importlib_resources-6.1.1-pyhd8ed1ab_0.conda
  hash:
    md5: 3d5fa25cf42f3f32a12b2d874ace8574
    sha256: e584f9ae08fb2d242af0ce7e19e3cd2f85f362d8523119e08f99edb962db99ed
  build: pyhd8ed1ab_0
  arch: x86_64
  subdir: linux-64
  build_number: 0
  constrains:
  - importlib-resources >=6.1.1,<6.1.2.0a0
  license: Apache-2.0
  license_family: APACHE
  noarch: python
  size: 29951
  timestamp: 1699364734111
- platform: linux-64
  name: itsdangerous
  version: 2.1.2
  category: main
  manager: conda
  dependencies:
  - python >=3.7
  url: https://conda.anaconda.org/conda-forge/noarch/itsdangerous-2.1.2-pyhd8ed1ab_0.tar.bz2
  hash:
    md5: 3c3de74912f11d2b590184f03c7cd09b
    sha256: 31e3492686b4e92b53db9b48bc0eb03873b1caaf28629fee7d2d47627a2c56d3
  build: pyhd8ed1ab_0
  arch: x86_64
  subdir: linux-64
  build_number: 0
  license: BSD-3-Clause
  license_family: BSD
  noarch: python
  size: 16377
  timestamp: 1648147263536
- platform: linux-64
  name: jinja2
  version: 3.1.3
  category: main
  manager: conda
  dependencies:
  - markupsafe >=2.0
  - python >=3.7
  url: https://conda.anaconda.org/conda-forge/noarch/jinja2-3.1.3-pyhd8ed1ab_0.conda
  hash:
    md5: e7d8df6509ba635247ff9aea31134262
    sha256: fd517b7dd3a61eca34f8a6f9f92f306397149cae1204fce72ac3d227107dafdc
  build: pyhd8ed1ab_0
  arch: x86_64
  subdir: linux-64
  build_number: 0
  license: BSD-3-Clause
  license_family: BSD
  noarch: python
  size: 111589
  timestamp: 1704967140287
- platform: linux-64
  name: jsonschema
  version: 4.21.1
  category: main
  manager: conda
  dependencies:
  - attrs >=22.2.0
  - importlib_resources >=1.4.0
  - jsonschema-specifications >=2023.03.6
  - pkgutil-resolve-name >=1.3.10
  - python >=3.8
  - referencing >=0.28.4
  - rpds-py >=0.7.1
  url: https://conda.anaconda.org/conda-forge/noarch/jsonschema-4.21.1-pyhd8ed1ab_0.conda
  hash:
    md5: 8a3a3d01629da20befa340919e3dd2c4
    sha256: c5c1b4e08e91fdd697289015be1a176409b4e63942899a43b276f1f250be8129
  build: pyhd8ed1ab_0
  arch: x86_64
  subdir: linux-64
  build_number: 0
  license: MIT
  license_family: MIT
  noarch: python
  size: 72817
  timestamp: 1705707712082
- platform: linux-64
  name: jsonschema-specifications
  version: 2023.12.1
  category: main
  manager: conda
  dependencies:
  - importlib_resources >=1.4.0
  - python >=3.8
  - referencing >=0.31.0
  url: https://conda.anaconda.org/conda-forge/noarch/jsonschema-specifications-2023.12.1-pyhd8ed1ab_0.conda
  hash:
    md5: a0e4efb5f35786a05af4809a2fb1f855
    sha256: a9630556ddc3121c0be32f4cbf792dd9102bd380d5cd81d57759d172cf0c2da2
  build: pyhd8ed1ab_0
  arch: x86_64
  subdir: linux-64
  build_number: 0
  license: MIT
  license_family: MIT
  noarch: python
  size: 16431
  timestamp: 1703778502971
- platform: linux-64
  name: jupyter_core
  version: 5.7.1
  category: main
  manager: conda
  dependencies:
  - platformdirs >=2.5
  - python >=3.11,<3.12.0a0
  - python_abi 3.11.* *_cp311
  - traitlets >=5.3
  url: https://conda.anaconda.org/conda-forge/linux-64/jupyter_core-5.7.1-py311h38be061_0.conda
  hash:
    md5: 175a430872841f7c351879f4c4c85b9e
    sha256: fcfaa3875882ff564e1ea40d8a0d9b615d1f7782bf197c94983da9538e2e30fe
  build: py311h38be061_0
  arch: x86_64
  subdir: linux-64
  build_number: 0
  license: BSD-3-Clause
  license_family: BSD
  size: 94700
  timestamp: 1704727234663
- platform: linux-64
  name: ld_impl_linux-64
  version: '2.40'
  category: main
  manager: conda
  dependencies: []
  url: https://conda.anaconda.org/conda-forge/linux-64/ld_impl_linux-64-2.40-h41732ed_0.conda
  hash:
    md5: 7aca3059a1729aa76c597603f10b0dd3
    sha256: f6cc89d887555912d6c61b295d398cff9ec982a3417d38025c45d5dd9b9e79cd
  build: h41732ed_0
  arch: x86_64
  subdir: linux-64
  build_number: 0
  constrains:
  - binutils_impl_linux-64 2.40
  license: GPL-3.0-only
  license_family: GPL
  size: 704696
  timestamp: 1674833944779
- platform: linux-64
  name: libexpat
  version: 2.5.0
  category: main
  manager: conda
  dependencies:
  - libgcc-ng >=12
  url: https://conda.anaconda.org/conda-forge/linux-64/libexpat-2.5.0-hcb278e6_1.conda
  hash:
    md5: 6305a3dd2752c76335295da4e581f2fd
    sha256: 74c98a563777ae2ad71f1f74d458a8ab043cee4a513467c159ccf159d0e461f3
  build: hcb278e6_1
  arch: x86_64
  subdir: linux-64
  build_number: 1
  constrains:
  - expat 2.5.0.*
  license: MIT
  license_family: MIT
  size: 77980
  timestamp: 1680190528313
- platform: linux-64
  name: libffi
  version: 3.4.2
  category: main
  manager: conda
  dependencies:
  - libgcc-ng >=9.4.0
  url: https://conda.anaconda.org/conda-forge/linux-64/libffi-3.4.2-h7f98852_5.tar.bz2
  hash:
    md5: d645c6d2ac96843a2bfaccd2d62b3ac3
    sha256: ab6e9856c21709b7b517e940ae7028ae0737546122f83c2aa5d692860c3b149e
  build: h7f98852_5
  arch: x86_64
  subdir: linux-64
  build_number: 5
  license: MIT
  license_family: MIT
  size: 58292
  timestamp: 1636488182923
- platform: linux-64
  name: libgcc-ng
  version: 13.2.0
  category: main
  manager: conda
  dependencies:
  - _libgcc_mutex 0.1 conda_forge
  - _openmp_mutex >=4.5
  url: https://conda.anaconda.org/conda-forge/linux-64/libgcc-ng-13.2.0-h807b86a_3.conda
  hash:
    md5: 23fdf1fef05baeb7eadc2aed5fb0011f
    sha256: 5e88f658e07a30ab41b154b42c59f079b168acfa9551a75bdc972099453f4105
  build: h807b86a_3
  arch: x86_64
  subdir: linux-64
  build_number: 3
  constrains:
  - libgomp 13.2.0 h807b86a_3
  license: GPL-3.0-only WITH GCC-exception-3.1
  license_family: GPL
  size: 773629
  timestamp: 1699753612541
- platform: linux-64
  name: libgomp
  version: 13.2.0
  category: main
  manager: conda
  dependencies:
  - _libgcc_mutex 0.1 conda_forge
  url: https://conda.anaconda.org/conda-forge/linux-64/libgomp-13.2.0-h807b86a_3.conda
  hash:
    md5: 7124cbb46b13d395bdde68f2d215c989
    sha256: 6ebedee39b6bbbc969715d0d7fa4b381cce67e1139862604ffa393f821c08e81
  build: h807b86a_3
  arch: x86_64
  subdir: linux-64
  build_number: 3
  license: GPL-3.0-only WITH GCC-exception-3.1
  license_family: GPL
  size: 421834
  timestamp: 1699753531479
- platform: linux-64
  name: libnsl
  version: 2.0.1
  category: main
  manager: conda
  dependencies:
  - libgcc-ng >=12
  url: https://conda.anaconda.org/conda-forge/linux-64/libnsl-2.0.1-hd590300_0.conda
  hash:
    md5: 30fd6e37fe21f86f4bd26d6ee73eeec7
    sha256: 26d77a3bb4dceeedc2a41bd688564fe71bf2d149fdcf117049970bc02ff1add6
  build: hd590300_0
  arch: x86_64
  subdir: linux-64
  build_number: 0
  license: LGPL-2.1-only
  license_family: GPL
  size: 33408
  timestamp: 1697359010159
- platform: linux-64
  name: libsqlite
  version: 3.44.2
  category: main
  manager: conda
  dependencies:
  - libgcc-ng >=12
  - libzlib >=1.2.13,<1.3.0a0
  url: https://conda.anaconda.org/conda-forge/linux-64/libsqlite-3.44.2-h2797004_0.conda
  hash:
    md5: 3b6a9f225c3dbe0d24f4fedd4625c5bf
    sha256: ee2c4d724a3ed60d5b458864d66122fb84c6ce1df62f735f90d8db17b66cd88a
  build: h2797004_0
  arch: x86_64
  subdir: linux-64
  build_number: 0
  license: Unlicense
  size: 845830
  timestamp: 1700863204572
- platform: linux-64
  name: libstdcxx-ng
  version: 13.2.0
  category: main
  manager: conda
  dependencies: []
  url: https://conda.anaconda.org/conda-forge/linux-64/libstdcxx-ng-13.2.0-h7e041cc_3.conda
  hash:
    md5: 937eaed008f6bf2191c5fe76f87755e9
    sha256: 6c6c49efedcc5709a66f19fb6b26b69c6a5245310fd1d9a901fd5e38aaf7f882
  build: h7e041cc_3
  arch: x86_64
  subdir: linux-64
  build_number: 3
  license: GPL-3.0-only WITH GCC-exception-3.1
  license_family: GPL
  size: 3842940
  timestamp: 1699753676253
- platform: linux-64
  name: libuuid
  version: 2.38.1
  category: main
  manager: conda
  dependencies:
  - libgcc-ng >=12
  url: https://conda.anaconda.org/conda-forge/linux-64/libuuid-2.38.1-h0b41bf4_0.conda
  hash:
    md5: 40b61aab5c7ba9ff276c41cfffe6b80b
    sha256: 787eb542f055a2b3de553614b25f09eefb0a0931b0c87dbcce6efdfd92f04f18
  build: h0b41bf4_0
  arch: x86_64
  subdir: linux-64
  build_number: 0
  license: BSD-3-Clause
  license_family: BSD
  size: 33601
  timestamp: 1680112270483
- platform: linux-64
  name: libxcrypt
  version: 4.4.36
  category: main
  manager: conda
  dependencies:
  - libgcc-ng >=12
  url: https://conda.anaconda.org/conda-forge/linux-64/libxcrypt-4.4.36-hd590300_1.conda
  hash:
    md5: 5aa797f8787fe7a17d1b0821485b5adc
    sha256: 6ae68e0b86423ef188196fff6207ed0c8195dd84273cb5623b85aa08033a410c
  build: hd590300_1
  arch: x86_64
  subdir: linux-64
  build_number: 1
  license: LGPL-2.1-or-later
  size: 100393
  timestamp: 1702724383534
- platform: linux-64
  name: libzlib
  version: 1.2.13
  category: main
  manager: conda
  dependencies:
  - libgcc-ng >=12
  url: https://conda.anaconda.org/conda-forge/linux-64/libzlib-1.2.13-hd590300_5.conda
  hash:
    md5: f36c115f1ee199da648e0597ec2047ad
    sha256: 370c7c5893b737596fd6ca0d9190c9715d89d888b8c88537ae1ef168c25e82e4
  build: hd590300_5
  arch: x86_64
  subdir: linux-64
  build_number: 5
  constrains:
  - zlib 1.2.13 *_5
  license: Zlib
  license_family: Other
  size: 61588
  timestamp: 1686575217516
- platform: linux-64
  name: markupsafe
  version: 2.1.4
  category: main
  manager: conda
  dependencies:
  - libgcc-ng >=12
  - python >=3.11,<3.12.0a0
  - python_abi 3.11.* *_cp311
  url: https://conda.anaconda.org/conda-forge/linux-64/markupsafe-2.1.4-py311h459d7ec_0.conda
  hash:
    md5: ee1b39a6ad0c74155593176ff3664f15
    sha256: c40562c70cad3bd0262c73449e8806bd6742cbbd5b413810cf6bae52f283466e
  build: py311h459d7ec_0
  arch: x86_64
  subdir: linux-64
  build_number: 0
  constrains:
  - jinja2 >=3.0.0
  license: BSD-3-Clause
  license_family: BSD
  size: 27098
  timestamp: 1705779086424
- platform: linux-64
  name: nbformat
  version: 5.9.2
  category: main
  manager: conda
  dependencies:
  - jsonschema >=2.6
  - jupyter_core
  - python >=3.8
  - python-fastjsonschema
  - traitlets >=5.1
  url: https://conda.anaconda.org/conda-forge/noarch/nbformat-5.9.2-pyhd8ed1ab_0.conda
  hash:
    md5: 61ba076de6530d9301a0053b02f093d2
    sha256: fc82c5a9116820757b03ffb836b36f0f50e4cd390018024dbadb0ee0217f6992
  build: pyhd8ed1ab_0
  arch: x86_64
  subdir: linux-64
  build_number: 0
  license: BSD-3-Clause
  license_family: BSD
  noarch: python
  size: 100446
  timestamp: 1690815009867
- platform: linux-64
  name: ncurses
  version: '6.4'
  category: main
  manager: conda
  dependencies:
  - libgcc-ng >=12
  url: https://conda.anaconda.org/conda-forge/linux-64/ncurses-6.4-h59595ed_2.conda
  hash:
    md5: 7dbaa197d7ba6032caf7ae7f32c1efa0
    sha256: 91cc03f14caf96243cead96c76fe91ab5925a695d892e83285461fb927dece5e
  build: h59595ed_2
  arch: x86_64
  subdir: linux-64
  build_number: 2
  license: X11 AND BSD-3-Clause
  size: 884434
  timestamp: 1698751260967
- platform: linux-64
  name: openssl
  version: 3.2.0
  category: main
  manager: conda
  dependencies:
  - ca-certificates
  - libgcc-ng >=12
  url: https://conda.anaconda.org/conda-forge/linux-64/openssl-3.2.0-hd590300_1.conda
  hash:
    md5: 603827b39ea2b835268adb8c821b8570
    sha256: 80efc6f429bd8e622d999652e5cba2ca56fcdb9c16a439d2ce9b4313116e4a87
  build: hd590300_1
  arch: x86_64
  subdir: linux-64
  build_number: 1
  constrains:
  - pyopenssl >=22.1
  license: Apache-2.0
  license_family: Apache
  size: 2854103
  timestamp: 1701162437033
- platform: linux-64
  name: pigar
  version: 0.10.0
  category: main
  manager: conda
  dependencies:
  - colorama >=0.3.9
  - nbformat >=4.4.0
  - python >=3.11,<3.12.0a0
  - python_abi 3.11.* *_cp311
  - requests >=2.20.0
  url: https://conda.anaconda.org/conda-forge/linux-64/pigar-0.10.0-py311h38be061_2.tar.bz2
  hash:
    md5: a567dfae1ffdc4e14f746c9562d26e4d
    sha256: 360eada09ec349e296d39acea12c132afeca9f66db6c27b5917349bf30196984
  build: py311h38be061_2
  arch: x86_64
  subdir: linux-64
  build_number: 2
  license: BSD-3-Clause
  license_family: BSD
  size: 5805515
  timestamp: 1667486798176
- platform: linux-64
  name: pkgutil-resolve-name
  version: 1.3.10
  category: main
  manager: conda
  dependencies:
  - python >=3.6
  url: https://conda.anaconda.org/conda-forge/noarch/pkgutil-resolve-name-1.3.10-pyhd8ed1ab_1.conda
  hash:
    md5: 405678b942f2481cecdb3e010f4925d9
    sha256: fecf95377134b0e8944762d92ecf7b0149c07d8186fb5db583125a2705c7ea0a
  build: pyhd8ed1ab_1
  arch: x86_64
  subdir: linux-64
  build_number: 1
  license: MIT AND PSF-2.0
  noarch: python
  size: 10778
  timestamp: 1694617398467
- platform: linux-64
  name: platformdirs
  version: 4.1.0
  category: main
  manager: conda
  dependencies:
  - python >=3.8
  url: https://conda.anaconda.org/conda-forge/noarch/platformdirs-4.1.0-pyhd8ed1ab_0.conda
  hash:
    md5: 45a5065664da0d1dfa8f8cd2eaf05ab9
    sha256: 9e4ff17ce802159ed31344eb913eaa877688226765b77947b102b42255a53853
  build: pyhd8ed1ab_0
  arch: x86_64
  subdir: linux-64
  build_number: 0
  license: MIT
  license_family: MIT
  noarch: python
  size: 20058
  timestamp: 1701708396900
- platform: linux-64
  name: pysocks
  version: 1.7.1
  category: main
  manager: conda
  dependencies:
  - __unix
  - python >=3.8
  url: https://conda.anaconda.org/conda-forge/noarch/pysocks-1.7.1-pyha2e5f31_6.tar.bz2
  hash:
    md5: 2a7de29fb590ca14b5243c4c812c8025
    sha256: a42f826e958a8d22e65b3394f437af7332610e43ee313393d1cf143f0a2d274b
  build: pyha2e5f31_6
  arch: x86_64
  subdir: linux-64
  build_number: 6
  license: BSD-3-Clause
  license_family: BSD
  noarch: python
  size: 18981
  timestamp: 1661604969727
- platform: linux-64
  name: python
  version: 3.11.7
  category: main
  manager: conda
  dependencies:
  - bzip2 >=1.0.8,<2.0a0
  - ld_impl_linux-64 >=2.36.1
  - libexpat >=2.5.0,<3.0a0
  - libffi >=3.4,<4.0a0
  - libgcc-ng >=12
  - libnsl >=2.0.1,<2.1.0a0
  - libsqlite >=3.44.2,<4.0a0
  - libuuid >=2.38.1,<3.0a0
  - libxcrypt >=4.4.36
  - libzlib >=1.2.13,<1.3.0a0
  - ncurses >=6.4,<7.0a0
  - openssl >=3.2.0,<4.0a0
  - readline >=8.2,<9.0a0
  - tk >=8.6.13,<8.7.0a0
  - tzdata
  - xz >=5.2.6,<6.0a0
  url: https://conda.anaconda.org/conda-forge/linux-64/python-3.11.7-hab00c5b_1_cpython.conda
  hash:
    md5: 27cf681282c11dba7b0b1fd266e8f289
    sha256: 8266801d3f21ae3018b997dcd05503b034016a3335aa3ab5b8c3f482af1e6580
  build: hab00c5b_1_cpython
  arch: x86_64
  subdir: linux-64
  build_number: 1
  constrains:
  - python_abi 3.11.* *_cp311
  license: Python-2.0
  size: 30830615
  timestamp: 1703344491543
- platform: linux-64
  name: python-dotenv
  version: 1.0.0
  category: main
  manager: conda
  dependencies:
  - python >=3.8
  url: https://conda.anaconda.org/conda-forge/noarch/python-dotenv-1.0.0-pyhd8ed1ab_1.conda
  hash:
    md5: 111e7f9edd31865e2659fa9aad8ec8fd
    sha256: bc5663f224ff6d8a399ec6bd8517e0c0f87a69ead438f82e5ce5c30f00077586
  build: pyhd8ed1ab_1
  arch: x86_64
  subdir: linux-64
  build_number: 1
  license: BSD-3-Clause
  license_family: BSD
  noarch: python
  size: 23816
  timestamp: 1693865912522
- platform: linux-64
  name: python-engineio
  version: 4.8.2
  category: main
  manager: conda
  dependencies:
  - python >=3.6
  - simple-websocket >=0.10.0
  url: https://conda.anaconda.org/conda-forge/noarch/python-engineio-4.8.2-pyhd8ed1ab_0.conda
  hash:
    md5: 517918f17b050da47a8ccad8e31a91e7
    sha256: 79cda67b834ec235be5a8a875d681d2fe1637c09bd056a303b5423f10676ed99
  build: pyhd8ed1ab_0
  arch: x86_64
  subdir: linux-64
  build_number: 0
  license: MIT
  license_family: MIT
  noarch: python
  size: 38730
  timestamp: 1704578423103
- platform: linux-64
  name: python-fastjsonschema
  version: 2.19.1
  category: main
  manager: conda
  dependencies:
  - python >=3.3
  url: https://conda.anaconda.org/conda-forge/noarch/python-fastjsonschema-2.19.1-pyhd8ed1ab_0.conda
  hash:
    md5: 4d3ceee3af4b0f9a1f48f57176bf8625
    sha256: 38b2db169d65cc5595e3ce63294c4fdb6a242ecf71f70b3ad8cad3bd4230d82f
  build: pyhd8ed1ab_0
  arch: x86_64
  subdir: linux-64
  build_number: 0
  license: BSD-3-Clause
  license_family: BSD
  noarch: python
  size: 225250
  timestamp: 1703781171097
- platform: linux-64
  name: python-socketio
  version: 5.11.0
  category: main
  manager: conda
  dependencies:
  - bidict >=0.21.0
  - python >=3.6
  - python-engineio >=4.8.0
  url: https://conda.anaconda.org/conda-forge/noarch/python-socketio-5.11.0-pyhd8ed1ab_0.conda
  hash:
    md5: 3f151e8aae1f5bd2d277533e3b5b71f2
    sha256: 6e0137820a9be8d31d4594d78a7c7f98b050d16034bf901fb2a307fbaa6d5c4d
  build: pyhd8ed1ab_0
  arch: x86_64
  subdir: linux-64
  build_number: 0
  license: MIT
  license_family: MIT
  noarch: python
  size: 43195
  timestamp: 1704578432622
- platform: linux-64
  name: python_abi
  version: '3.11'
  category: main
  manager: conda
  dependencies: []
  url: https://conda.anaconda.org/conda-forge/linux-64/python_abi-3.11-4_cp311.conda
  hash:
    md5: d786502c97404c94d7d58d258a445a65
    sha256: 0be3ac1bf852d64f553220c7e6457e9c047dfb7412da9d22fbaa67e60858b3cf
  build: 4_cp311
  arch: x86_64
  subdir: linux-64
  build_number: 4
  constrains:
  - python 3.11.* *_cpython
  license: BSD-3-Clause
  license_family: BSD
  size: 6385
  timestamp: 1695147338551
- platform: linux-64
  name: pyyaml
  version: 6.0.1
  category: main
  manager: conda
  dependencies:
  - libgcc-ng >=12
  - python >=3.11,<3.12.0a0
  - python_abi 3.11.* *_cp311
  - yaml >=0.2.5,<0.3.0a0
  url: https://conda.anaconda.org/conda-forge/linux-64/pyyaml-6.0.1-py311h459d7ec_1.conda
  hash:
    md5: 52719a74ad130de8fb5d047dc91f247a
    sha256: 28729ef1ffa7f6f9dfd54345a47c7faac5d34296d66a2b9891fb147f4efe1348
  build: py311h459d7ec_1
  arch: x86_64
  subdir: linux-64
  build_number: 1
  license: MIT
  license_family: MIT
  size: 200626
  timestamp: 1695373818537
- platform: linux-64
  name: readline
  version: '8.2'
  category: main
  manager: conda
  dependencies:
  - libgcc-ng >=12
  - ncurses >=6.3,<7.0a0
  url: https://conda.anaconda.org/conda-forge/linux-64/readline-8.2-h8228510_1.conda
  hash:
    md5: 47d31b792659ce70f470b5c82fdfb7a4
    sha256: 5435cf39d039387fbdc977b0a762357ea909a7694d9528ab40f005e9208744d7
  build: h8228510_1
  arch: x86_64
  subdir: linux-64
  build_number: 1
  license: GPL-3.0-only
  license_family: GPL
  size: 281456
  timestamp: 1679532220005
- platform: linux-64
  name: referencing
  version: 0.32.1
  category: main
  manager: conda
  dependencies:
  - attrs >=22.2.0
  - python >=3.8
  - rpds-py >=0.7.0
  url: https://conda.anaconda.org/conda-forge/noarch/referencing-0.32.1-pyhd8ed1ab_0.conda
  hash:
    md5: 753a592b4e99d7d2cde6a8fd0797f414
    sha256: 658beff40c6355af0eeec624bbe4e892b4c68c0af2d8ff4c06677e6547140506
  build: pyhd8ed1ab_0
  arch: x86_64
  subdir: linux-64
  build_number: 0
  license: MIT
  license_family: MIT
  noarch: python
  size: 39009
  timestamp: 1704489374195
- platform: linux-64
  name: requests
  version: 2.31.0
  category: main
  manager: conda
  dependencies:
  - certifi >=2017.4.17
  - charset-normalizer >=2,<4
  - idna >=2.5,<4
  - python >=3.7
  - urllib3 >=1.21.1,<3
  url: https://conda.anaconda.org/conda-forge/noarch/requests-2.31.0-pyhd8ed1ab_0.conda
  hash:
    md5: a30144e4156cdbb236f99ebb49828f8b
    sha256: 9f629d6fd3c8ac5f2a198639fe7af87c4db2ac9235279164bfe0fcb49d8c4bad
  build: pyhd8ed1ab_0
  arch: x86_64
  subdir: linux-64
  build_number: 0
  constrains:
  - chardet >=3.0.2,<6
  license: Apache-2.0
  license_family: APACHE
  noarch: python
  size: 56690
  timestamp: 1684774408600
- platform: linux-64
  name: rpds-py
  version: 0.17.1
  category: main
  manager: conda
  dependencies:
  - libgcc-ng >=12
  - python >=3.11,<3.12.0a0
  - python_abi 3.11.* *_cp311
  url: https://conda.anaconda.org/conda-forge/linux-64/rpds-py-0.17.1-py311h46250e7_0.conda
  hash:
    md5: a206e8c500a27fa82adae7c2f1929675
    sha256: e9e77f20b3cc1653571d3daa0c1c1d206f33c2147f290d74aa53ce49f4d51e5e
  build: py311h46250e7_0
  arch: x86_64
  subdir: linux-64
  build_number: 0
  license: MIT
  license_family: MIT
  size: 1017981
  timestamp: 1705160004961
- platform: linux-64
  name: setuptools
  version: 69.0.3
  category: main
  manager: conda
  dependencies:
  - python >=3.7
  url: https://conda.anaconda.org/conda-forge/noarch/setuptools-69.0.3-pyhd8ed1ab_0.conda
  hash:
    md5: 40695fdfd15a92121ed2922900d0308b
    sha256: 0fe2a0473ad03dac6c7f5c42ef36a8e90673c88a0350dfefdea4b08d43803db2
  build: pyhd8ed1ab_0
  arch: x86_64
  subdir: linux-64
  build_number: 0
  license: MIT
  license_family: MIT
  noarch: python
  size: 470548
  timestamp: 1704224855187
- platform: linux-64
  name: simple-websocket
  version: 1.0.0
  category: main
  manager: conda
  dependencies:
  - python >=3.7
  - wsproto
  url: https://conda.anaconda.org/conda-forge/noarch/simple-websocket-1.0.0-pyhd8ed1ab_1.conda
  hash:
    md5: 4e9136be6c66312f63b3a8ef60443389
    sha256: a8b745f3e1e9940e9c3c79182e84b7c5d9ae23a88d56a53c2a780b235a1b1e01
  build: pyhd8ed1ab_1
  arch: x86_64
  subdir: linux-64
  build_number: 1
  license: MIT
  license_family: MIT
  noarch: python
  size: 15368
  timestamp: 1696533492314
- platform: linux-64
  name: tk
  version: 8.6.13
  category: main
  manager: conda
  dependencies:
  - libgcc-ng >=12
  - libzlib >=1.2.13,<1.3.0a0
  url: https://conda.anaconda.org/conda-forge/linux-64/tk-8.6.13-noxft_h4845f30_101.conda
  hash:
    md5: d453b98d9c83e71da0741bb0ff4d76bc
    sha256: e0569c9caa68bf476bead1bed3d79650bb080b532c64a4af7d8ca286c08dea4e
  build: noxft_h4845f30_101
  arch: x86_64
  subdir: linux-64
  build_number: 101
  license: TCL
  license_family: BSD
  size: 3318875
  timestamp: 1699202167581
- platform: linux-64
  name: traitlets
  version: 5.14.1
  category: main
  manager: conda
  dependencies:
  - python >=3.8
  url: https://conda.anaconda.org/conda-forge/noarch/traitlets-5.14.1-pyhd8ed1ab_0.conda
  hash:
    md5: 1c6acfdc7ecbfe09954c4216da99c146
    sha256: fa78d68f74ec8aae5c93f135140bfdbbf0ab60a79c6062b55d73c316068545ec
  build: pyhd8ed1ab_0
  arch: x86_64
  subdir: linux-64
  build_number: 0
  license: BSD-3-Clause
  license_family: BSD
  noarch: python
  size: 110329
  timestamp: 1704213177224
- platform: linux-64
  name: typing_extensions
  version: 4.9.0
  category: main
  manager: conda
  dependencies:
  - python >=3.8
  url: https://conda.anaconda.org/conda-forge/noarch/typing_extensions-4.9.0-pyha770c72_0.conda
  hash:
    md5: a92a6440c3fe7052d63244f3aba2a4a7
    sha256: f3c5be8673bfd905c4665efcb27fa50192f24f84fa8eff2f19cba5d09753d905
  build: pyha770c72_0
  arch: x86_64
  subdir: linux-64
  build_number: 0
  license: PSF-2.0
  license_family: PSF
  noarch: python
  size: 36058
  timestamp: 1702176292645
- platform: linux-64
  name: tzdata
  version: 2023d
  category: main
  manager: conda
  dependencies: []
  url: https://conda.anaconda.org/conda-forge/noarch/tzdata-2023d-h0c530f3_0.conda
  hash:
    md5: 8dee24b8be2d9ff81e7bd4d7d97ff1b0
    sha256: 04f2ab3e36f2015841551415bf16bf62933bd94b7085d4be5493b388e95a9c3d
  build: h0c530f3_0
  arch: x86_64
  subdir: linux-64
  build_number: 0
  license: LicenseRef-Public-Domain
  noarch: generic
  size: 119639
  timestamp: 1703250910370
- platform: linux-64
  name: urllib3
  version: 2.1.0
  category: main
  manager: conda
  dependencies:
  - brotli-python >=1.0.9
  - pysocks >=1.5.6,<2.0,!=1.5.7
  - python >=3.7
  url: https://conda.anaconda.org/conda-forge/noarch/urllib3-2.1.0-pyhd8ed1ab_0.conda
  hash:
    md5: f8ced8ee63830dec7ecc1be048d1470a
    sha256: eff5029820b4eaeab3a291a39854a6cd8fc8c4216264087f68c2d8d59822c869
  build: pyhd8ed1ab_0
  arch: x86_64
  subdir: linux-64
  build_number: 0
  license: MIT
  license_family: MIT
  noarch: python
  size: 85324
  timestamp: 1699933655057
- platform: linux-64
  name: watchdog
  version: 3.0.0
  category: main
  manager: conda
  dependencies:
  - python >=3.11,<3.12.0a0
  - python_abi 3.11.* *_cp311
  - pyyaml >=3.10
  url: https://conda.anaconda.org/conda-forge/linux-64/watchdog-3.0.0-py311h38be061_1.conda
  hash:
    md5: 1901b9f3ca3782f31450fd7158d2fe8a
    sha256: c1fd4f6bd6f3c4009fe2f97d3ed8edd2f2a46058293e0176b06fa181eb66558f
  build: py311h38be061_1
  arch: x86_64
  subdir: linux-64
  build_number: 1
  license: Apache-2.0
  license_family: APACHE
  size: 138066
  timestamp: 1695395380738
- platform: linux-64
  name: werkzeug
  version: 3.0.1
  category: main
  manager: conda
  dependencies:
  - markupsafe >=2.1.1
  - python >=3.8
  url: https://conda.anaconda.org/conda-forge/noarch/werkzeug-3.0.1-pyhd8ed1ab_0.conda
  hash:
    md5: af8d825d93dbe6331ee6d61c69869ca0
    sha256: b7ac49549d370a411b1d6150d24243a15adcce07f1c61ec2ea1b536346e47aa0
  build: pyhd8ed1ab_0
  arch: x86_64
  subdir: linux-64
  build_number: 0
  license: BSD-3-Clause
  license_family: BSD
  noarch: python
  size: 241704
  timestamp: 1698235401441
- platform: linux-64
  name: wsproto
  version: 1.2.0
  category: main
  manager: conda
  dependencies:
  - h11 >=0.9.0,<1.0
  - python >=3.7
  url: https://conda.anaconda.org/conda-forge/noarch/wsproto-1.2.0-pyhd8ed1ab_0.tar.bz2
  hash:
    md5: 00ba804b54f451d102f6a7615f08470d
    sha256: 66bd3f2db31fb62a2ff1f48d2c69ccdd2fa4467741149a0ad5c0bd097e0ac0e7
  build: pyhd8ed1ab_0
  arch: x86_64
  subdir: linux-64
  build_number: 0
  license: MIT
  license_family: MIT
  noarch: python
  size: 24731
  timestamp: 1661356453883
- platform: linux-64
  name: xz
  version: 5.2.6
  category: main
  manager: conda
  dependencies:
  - libgcc-ng >=12
  url: https://conda.anaconda.org/conda-forge/linux-64/xz-5.2.6-h166bdaf_0.tar.bz2
  hash:
    md5: 2161070d867d1b1204ea749c8eec4ef0
    sha256: 03a6d28ded42af8a347345f82f3eebdd6807a08526d47899a42d62d319609162
  build: h166bdaf_0
  arch: x86_64
  subdir: linux-64
  build_number: 0
  license: LGPL-2.1 and GPL-2.0
  size: 418368
  timestamp: 1660346797927
- platform: linux-64
  name: yaml
  version: 0.2.5
  category: main
  manager: conda
  dependencies:
  - libgcc-ng >=9.4.0
  url: https://conda.anaconda.org/conda-forge/linux-64/yaml-0.2.5-h7f98852_2.tar.bz2
  hash:
    md5: 4cb3ad778ec2d5a7acbdf254eb1c42ae
    sha256: a4e34c710eeb26945bdbdaba82d3d74f60a78f54a874ec10d373811a5d217535
  build: h7f98852_2
  arch: x86_64
  subdir: linux-64
  build_number: 2
  license: MIT
  license_family: MIT
  size: 89141
  timestamp: 1641346969816
- platform: linux-64
  name: zipp
  version: 3.17.0
  category: main
  manager: conda
  dependencies:
  - python >=3.8
  url: https://conda.anaconda.org/conda-forge/noarch/zipp-3.17.0-pyhd8ed1ab_0.conda
  hash:
    md5: 2e4d6bc0b14e10f895fc6791a7d9b26a
    sha256: bced1423fdbf77bca0a735187d05d9b9812d2163f60ab426fc10f11f92ecbe26
  build: pyhd8ed1ab_0
  arch: x86_64
  subdir: linux-64
  build_number: 0
  license: MIT
  license_family: MIT
  noarch: python
  size: 18954
  timestamp: 1695255262261
